{
  "lockfileVersion": 1,
  "configVersion": 1,
  "workspaces": {
    "": {
      "name": "@byearlybird/cloud",
      "dependencies": {
        "@hono/zod-validator": "^0.7.6",
        "@libsql/kysely-libsql": "^0.4.1",
        "hono": "^4.11.3",
        "kysely": "^0.28.11",
        "zod": "^4.3.6",
      },
      "devDependencies": {
        "@types/bun": "^1.3.9",
        "oxfmt": "^0.23.0",
        "oxlint": "^1.38.0",
        "typescript": "^5.7.3",
      },
    },
  },
  "packages": {
    "@hono/zod-validator": ["@hono/zod-validator@0.7.6", "", { "peerDependencies": { "hono": "4.11.3", "zod": "4.3.6" } }, "sha512-Io1B6d011Gj1KknV4rXYz4le5+5EubcWEU/speUjuw9XMMIaP3n78yXLhjd2A3PXaXaUwEAluOiAyLqhBEJgsw=="],

    "@libsql/client": ["@libsql/client@0.8.1", "", { "dependencies": { "@libsql/core": "0.8.1", "@libsql/hrana-client": "0.6.2", "js-base64": "3.7.8", "libsql": "0.3.19", "promise-limit": "2.7.0" } }, "sha512-xGg0F4iTDFpeBZ0r4pA6icGsYa5rG6RAG+i/iLDnpCAnSuTqEWMDdPlVseiq4Z/91lWI9jvvKKiKpovqJ1kZWA=="],

    "@libsql/core": ["@libsql/core@0.8.1", "", { "dependencies": { "js-base64": "3.7.8" } }, "sha512-u6nrj6HZMTPsgJ9EBhLzO2uhqhlHQJQmVHV+0yFLvfGf3oSP8w7TjZCNUgu1G8jHISx6KFi7bmcrdXW9lRt++A=="],

    "@libsql/darwin-arm64": ["@libsql/darwin-arm64@0.3.19", "", { "os": "darwin", "cpu": "arm64" }, "sha512-rmOqsLcDI65zzxlUOoEiPJLhqmbFsZF6p4UJQ2kMqB+Kc0Rt5/A1OAdOZ/Wo8fQfJWjR1IbkbpEINFioyKf+nQ=="],

    "@libsql/darwin-x64": ["@libsql/darwin-x64@0.3.19", "", { "os": "darwin", "cpu": "x64" }, "sha512-q9O55B646zU+644SMmOQL3FIfpmEvdWpRpzubwFc2trsa+zoBlSkHuzU9v/C+UNoPHQVRMP7KQctJ455I/h/xw=="],

    "@libsql/hrana-client": ["@libsql/hrana-client@0.6.2", "", { "dependencies": { "@libsql/isomorphic-fetch": "0.2.5", "@libsql/isomorphic-ws": "0.1.5", "js-base64": "3.7.8", "node-fetch": "3.3.2" } }, "sha512-MWxgD7mXLNf9FXXiM0bc90wCjZSpErWKr5mGza7ERy2FJNNMXd7JIOv+DepBA1FQTIfI8TFO4/QDYgaQC0goNw=="],

    "@libsql/isomorphic-fetch": ["@libsql/isomorphic-fetch@0.2.5", "", {}, "sha512-8s/B2TClEHms2yb+JGpsVRTPBfy1ih/Pq6h6gvyaNcYnMVJvgQRY7wAa8U2nD0dppbCuDU5evTNMEhrQ17ZKKg=="],

    "@libsql/isomorphic-ws": ["@libsql/isomorphic-ws@0.1.5", "", { "dependencies": { "@types/ws": "8.18.1", "ws": "8.18.0" } }, "sha512-DtLWIH29onUYR00i0GlQ3UdcTRC6EP4u9w/h9LxpUZJWRMARk6dQwZ6Jkd+QdwVpuAOrdxt18v0K2uIYR3fwFg=="],

    "@libsql/kysely-libsql": ["@libsql/kysely-libsql@0.4.1", "", { "dependencies": { "@libsql/client": "0.8.1" }, "peerDependencies": { "kysely": "0.28.11" } }, "sha512-mCTa6OWgoME8LNu22COM6XjKBmcMAvNtIO6DYM10jSAFq779fVlrTKQEmXIB8TwJVU65dA5jGCpT8gkDdWS0HQ=="],

    "@libsql/linux-arm64-gnu": ["@libsql/linux-arm64-gnu@0.3.19", "", { "os": "linux", "cpu": "arm64" }, "sha512-mgeAUU1oqqh57k7I3cQyU6Trpdsdt607eFyEmH5QO7dv303ti+LjUvh1pp21QWV6WX7wZyjeJV1/VzEImB+jRg=="],

    "@libsql/linux-arm64-musl": ["@libsql/linux-arm64-musl@0.3.19", "", { "os": "linux", "cpu": "arm64" }, "sha512-VEZtxghyK6zwGzU9PHohvNxthruSxBEnRrX7BSL5jQ62tN4n2JNepJ6SdzXp70pdzTfwroOj/eMwiPt94gkVRg=="],

    "@libsql/linux-x64-gnu": ["@libsql/linux-x64-gnu@0.3.19", "", { "os": "linux", "cpu": "x64" }, "sha512-2t/J7LD5w2f63wGihEO+0GxfTyYIyLGEvTFEsMO16XI5o7IS9vcSHrxsvAJs4w2Pf907uDjmc7fUfMg6L82BrQ=="],

    "@libsql/linux-x64-musl": ["@libsql/linux-x64-musl@0.3.19", "", { "os": "linux", "cpu": "x64" }, "sha512-BLsXyJaL8gZD8+3W2LU08lDEd9MIgGds0yPy5iNPp8tfhXx3pV/Fge2GErN0FC+nzt4DYQtjL+A9GUMglQefXQ=="],

    "@libsql/win32-x64-msvc": ["@libsql/win32-x64-msvc@0.3.19", "", { "os": "win32", "cpu": "x64" }, "sha512-ay1X9AobE4BpzG0XPw1gplyLZPGHIgJOovvW23gUrukRegiUP62uzhpRbKNogLlUOynyXeq//prHgPXiebUfWg=="],

    "@neon-rs/load": ["@neon-rs/load@0.0.4", "", {}, "sha512-kTPhdZyTQxB+2wpiRcFWrDcejc4JI6tkPuS7UZCG4l6Zvc5kU/gGQ/ozvHTh1XR5tS+UlfAfGuPajjzQjCiHCw=="],

    "@oxfmt/darwin-arm64": ["@oxfmt/darwin-arm64@0.23.0", "", { "os": "darwin", "cpu": "arm64" }, "sha512-shGng2EjBspvuqtFtcjcKf0WoZ9QCdL8iLYgdOoKSiSQ9pPyLJ4jQf62yhm4b2PpZNVcV/20gV6d8SyKzg6SZQ=="],

    "@oxfmt/darwin-x64": ["@oxfmt/darwin-x64@0.23.0", "", { "os": "darwin", "cpu": "x64" }, "sha512-DxQ7Hm7B+6JiIkiRU3CSJmM15nTJDDezyaAv+x9NN8BfU0C49O8JuZIFu1Lr9AKEPV+ECIYM2X4HU0xm6IdiMQ=="],

    "@oxfmt/linux-arm64-gnu": ["@oxfmt/linux-arm64-gnu@0.23.0", "", { "os": "linux", "cpu": "arm64" }, "sha512-7qTXPpENi45sEKsaYFit4VRywPVkX+ZJc5JVA17KW1coJ/SLUuRAdLjRipU+QTZsr1TF93HCmGFSlUjB7lmEVQ=="],

    "@oxfmt/linux-arm64-musl": ["@oxfmt/linux-arm64-musl@0.23.0", "", { "os": "linux", "cpu": "arm64" }, "sha512-qkFXbf+K01B++j69o9mLvvyfhmmL4+qX7hGPA2PRDkE5xxuUTWdqboQQc1FgGI0teUlIYYyxjamq9UztL2A7NA=="],

    "@oxfmt/linux-x64-gnu": ["@oxfmt/linux-x64-gnu@0.23.0", "", { "os": "linux", "cpu": "x64" }, "sha512-J7Q13Ujyn8IgjHD96urA377GOy8HerxC13OrEyYaM8iwH3gc/EoboK9AKu0bxp9qai4btPFDhnkRnpCwJE9pAw=="],

    "@oxfmt/linux-x64-musl": ["@oxfmt/linux-x64-musl@0.23.0", "", { "os": "linux", "cpu": "x64" }, "sha512-3gb25Zk2/y4An8fi399KdpLkDYFTJEB5Nq/sSHmeXG0pZlR/jnKoXEFHsjU+9nqF2wsuZ+tmkoi/swcaGG8+Qg=="],

    "@oxfmt/win32-arm64": ["@oxfmt/win32-arm64@0.23.0", "", { "os": "win32", "cpu": "arm64" }, "sha512-JKfRP2ENWwRZ73rMZFyChvRi/+oDEW+3obp1XIwecot8gvDHgGZ4nX3hTp4VPiBFL89JORMpWSKzJvjRDucJIw=="],

    "@oxfmt/win32-x64": ["@oxfmt/win32-x64@0.23.0", "", { "os": "win32", "cpu": "x64" }, "sha512-vgqtYK1X1n/KexCNQKWXao3hyOnmWuCzk2sQyCSpkLhjSNIDPm7dmnEkvOXhf1t0O5RjCwHpk2VB6Fuaq3GULg=="],

    "@oxlint/darwin-arm64": ["@oxlint/darwin-arm64@1.38.0", "", { "os": "darwin", "cpu": "arm64" }, "sha512-9rN3047QTyA4i73FKikDUBdczRcLtOsIwZ5TsEx5Q7jr5nBjolhYQOFQf9QdhBLdInxw1iX4+lgdMCf1g74zjg=="],

    "@oxlint/darwin-x64": ["@oxlint/darwin-x64@1.38.0", "", { "os": "darwin", "cpu": "x64" }, "sha512-Y1UHW4KOlg5NvyrSn/bVBQP8/LRuid7Pnu+BWGbAVVsFcK0b565YgMSO3Eu9nU3w8ke91dr7NFpUmS+bVkdkbw=="],

    "@oxlint/linux-arm64-gnu": ["@oxlint/linux-arm64-gnu@1.38.0", "", { "os": "linux", "cpu": "arm64" }, "sha512-ZiVxPZizlXSnAMdkEFWX/mAj7U3bNiku8p6I9UgLrXzgGSSAhFobx8CaFGwVoKyWOd+gQgZ/ogCrunvx2k0CFg=="],

    "@oxlint/linux-arm64-musl": ["@oxlint/linux-arm64-musl@1.38.0", "", { "os": "linux", "cpu": "arm64" }, "sha512-ELtlCIGZ72A65ATZZHFxHMFrkRtY+DYDCKiNKg6v7u5PdeOFey+OlqRXgXtXlxWjCL+g7nivwI2FPVsWqf05Qw=="],

    "@oxlint/linux-x64-gnu": ["@oxlint/linux-x64-gnu@1.38.0", "", { "os": "linux", "cpu": "x64" }, "sha512-E1OcDh30qyng1m0EIlsOuapYkqk5QB6o6IMBjvDKqIoo6IrjlVAasoJfS/CmSH998gXRL3BcAJa6Qg9IxPFZnQ=="],

    "@oxlint/linux-x64-musl": ["@oxlint/linux-x64-musl@1.38.0", "", { "os": "linux", "cpu": "x64" }, "sha512-4AfpbM/4sQnr6S1dMijEPfsq4stQbN5vJ2jsahSy/QTcvIVbFkgY+RIhrA5UWlC6eb0rD5CdaPQoKGMJGeXpYw=="],

    "@oxlint/win32-arm64": ["@oxlint/win32-arm64@1.38.0", "", { "os": "win32", "cpu": "arm64" }, "sha512-OvUVYdI68OwXh3d1RjH9N/okCxb6PrOGtEtzXyqGA7Gk+IxyZcX0/QCTBwV8FNbSSzDePSSEHOKpoIB+VXdtvg=="],

    "@oxlint/win32-x64": ["@oxlint/win32-x64@1.38.0", "", { "os": "win32", "cpu": "x64" }, "sha512-7IuZMYiZiOcgg5zHvpJY6jRlEwh8EB/uq7GsoQJO9hANq96TIjyntGByhIjFSsL4asyZmhTEki+MO/u5Fb/WQA=="],

    "@types/bun": ["@types/bun@1.3.9", "", { "dependencies": { "bun-types": "1.3.9" } }, "sha512-KQ571yULOdWJiMH+RIWIOZ7B2RXQGpL1YQrBtLIV3FqDcCu6FsbFUBwhdKUlCKUpS3PJDsHlJ1QKlpxoVR+xtw=="],

    "@types/node": ["@types/node@25.2.3", "", { "dependencies": { "undici-types": "7.16.0" } }, "sha512-m0jEgYlYz+mDJZ2+F4v8D1AyQb+QzsNqRuI7xg1VQX/KlKS0qT9r1Mo16yo5F/MtifXFgaofIFsdFMox2SxIbQ=="],

    "@types/ws": ["@types/ws@8.18.1", "", { "dependencies": { "@types/node": "25.2.3" } }, "sha512-ThVF6DCVhA8kUGy+aazFQ4kXQ7E1Ty7A3ypFOe0IcJV8O/M511G99AW24irKrW56Wt44yG9+ij8FaqoBGkuBXg=="],

    "bun-types": ["bun-types@1.3.9", "", { "dependencies": { "@types/node": "*" } }, "sha512-+UBWWOakIP4Tswh0Bt0QD0alpTY8cb5hvgiYeWCMet9YukHbzuruIEeXC2D7nMJPB12kbh8C7XJykSexEqGKJg=="],

    "data-uri-to-buffer": ["data-uri-to-buffer@4.0.1", "", {}, "sha512-0R9ikRb668HB7QDxT1vkpuUBtqc53YyAwMwGeUFKRojY/NWKvdZ+9UYtRfGmhqNbRkTSVpMbmyhXipFFv2cb/A=="],

    "detect-libc": ["detect-libc@2.0.2", "", {}, "sha512-UX6sGumvvqSaXgdKGUsgZWqcUyIXZ/vZTrlRT/iobiKhGL0zL4d3osHj3uqllWJK+i+sixDS/3COVEOFbupFyw=="],

    "fetch-blob": ["fetch-blob@3.2.0", "", { "dependencies": { "node-domexception": "1.0.0", "web-streams-polyfill": "3.3.3" } }, "sha512-7yAQpD2UMJzLi1Dqv7qFYnPbaPx7ZfFK6PiIxQ4PfkGPyNyl2Ugx+a/umUonmKqjhM4DnfbMvdX6otXq83soQQ=="],

    "formdata-polyfill": ["formdata-polyfill@4.0.10", "", { "dependencies": { "fetch-blob": "3.2.0" } }, "sha512-buewHzMvYL29jdeQTVILecSaZKnt/RJWjoZCF5OW60Z67/GmSLBkOFM7qh1PI3zFNtJbaZL5eQu1vLfazOwj4g=="],

    "hono": ["hono@4.11.3", "", {}, "sha512-PmQi306+M/ct/m5s66Hrg+adPnkD5jiO6IjA7WhWw0gSBSo1EcRegwuI1deZ+wd5pzCGynCcn2DprnE4/yEV4w=="],

    "js-base64": ["js-base64@3.7.8", "", {}, "sha512-hNngCeKxIUQiEUN3GPJOkz4wF/YvdUdbNL9hsBcMQTkKzboD7T/q3OYOuuPZLUE6dBxSGpwhk5mwuDud7JVAow=="],

    "kysely": ["kysely@0.28.11", "", {}, "sha512-zpGIFg0HuoC893rIjYX1BETkVWdDnzTzF5e0kWXJFg5lE0k1/LfNWBejrcnOFu8Q2Rfq/hTDTU7XLUM8QOrpzg=="],

    "libsql": ["libsql@0.3.19", "", { "dependencies": { "@neon-rs/load": "0.0.4", "detect-libc": "2.0.2" }, "optionalDependencies": { "@libsql/darwin-arm64": "0.3.19", "@libsql/darwin-x64": "0.3.19", "@libsql/linux-arm64-gnu": "0.3.19", "@libsql/linux-arm64-musl": "0.3.19", "@libsql/linux-x64-gnu": "0.3.19", "@libsql/linux-x64-musl": "0.3.19", "@libsql/win32-x64-msvc": "0.3.19" }, "os": [ "linux", "win32", "darwin", ] }, "sha512-Aj5cQ5uk/6fHdmeW0TiXK42FqUlwx7ytmMLPSaUQPin5HKKKuUPD62MAbN4OEweGBBI7q1BekoEN4gPUEL6MZA=="],

    "node-domexception": ["node-domexception@1.0.0", "", {}, "sha512-/jKZoMpw0F8GRwl4/eLROPA3cfcXtLApP0QzLmUT/HuPCZWyB7IY9ZrMeKw2O/nFIqPQB3PVM9aYm0F312AXDQ=="],

    "node-fetch": ["node-fetch@3.3.2", "", { "dependencies": { "data-uri-to-buffer": "4.0.1", "fetch-blob": "3.2.0", "formdata-polyfill": "4.0.10" } }, "sha512-dRB78srN/l6gqWulah9SrxeYnxeddIG30+GOqK/9OlLVyLg3HPnr6SqOWTWOXKRwC2eGYCkZ59NNuSgvSrpgOA=="],

    "oxfmt": ["oxfmt@0.23.0", "", { "dependencies": { "tinypool": "2.0.0" }, "optionalDependencies": { "@oxfmt/darwin-arm64": "0.23.0", "@oxfmt/darwin-x64": "0.23.0", "@oxfmt/linux-arm64-gnu": "0.23.0", "@oxfmt/linux-arm64-musl": "0.23.0", "@oxfmt/linux-x64-gnu": "0.23.0", "@oxfmt/linux-x64-musl": "0.23.0", "@oxfmt/win32-arm64": "0.23.0", "@oxfmt/win32-x64": "0.23.0" }, "bin": { "oxfmt": "bin/oxfmt" } }, "sha512-dh4rlNBua93aVf2ZaDecbQxVLMnUUTvDi1K1fdvBdontQeEf6K22Z1KQg5QKl2D9aNFeFph+wOVwcjjYUIO6Mw=="],

    "oxlint": ["oxlint@1.38.0", "", { "optionalDependencies": { "@oxlint/darwin-arm64": "1.38.0", "@oxlint/darwin-x64": "1.38.0", "@oxlint/linux-arm64-gnu": "1.38.0", "@oxlint/linux-arm64-musl": "1.38.0", "@oxlint/linux-x64-gnu": "1.38.0", "@oxlint/linux-x64-musl": "1.38.0", "@oxlint/win32-arm64": "1.38.0", "@oxlint/win32-x64": "1.38.0" }, "bin": { "oxlint": "bin/oxlint" } }, "sha512-XT7tBinQS+hVLxtfJOnokJ9qVBiQvZqng40tDgR6qEJMRMnpVq/JwYfbYyGntSq8MO+Y+N9M1NG4bAMFUtCJiw=="],

    "promise-limit": ["promise-limit@2.7.0", "", {}, "sha512-7nJ6v5lnJsXwGprnGXga4wx6d1POjvi5Qmf1ivTRxTjH4Z/9Czja/UCMLVmB9N93GeWOU93XaFaEt6jbuoagNw=="],

    "tinypool": ["tinypool@2.0.0", "", {}, "sha512-/RX9RzeH2xU5ADE7n2Ykvmi9ED3FBGPAjw9u3zucrNNaEBIO0HPSYgL0NT7+3p147ojeSdaVu08F6hjpv31HJg=="],

    "typescript": ["typescript@5.9.3", "", { "bin": { "tsc": "bin/tsc", "tsserver": "bin/tsserver" } }, "sha512-jl1vZzPDinLr9eUt3J/t7V6FgNEw9QjvBPdysz9KfQDD41fQrC2Y4vKQdiaUpFT4bXlb1RHhLpp8wtm6M5TgSw=="],

    "undici-types": ["undici-types@7.16.0", "", {}, "sha512-Zz+aZWSj8LE6zoxD+xrjh4VfkIG8Ya6LvYkZqtUQGJPZjYl53ypCaUwWqo7eI0x66KBGeRo+mlBEkMSeSZ38Nw=="],

    "web-streams-polyfill": ["web-streams-polyfill@3.3.3", "", {}, "sha512-d2JWLCivmZYTSIoge9MsgFCZrt571BikcWGYkjC1khllbTeDlGqZ2D8vD8E/lJa8WGWbb7Plm8/XJYV7IJHZZw=="],

    "ws": ["ws@8.18.0", "", {}, "sha512-8VbfWfHLbbwu3+N6OKsOMpBdT4kXPDDB9cJk2bJ6mh9ucxdlnNvH1e+roYkKmN9Nxw2yjz7VzeO9oOz2zJ04Pw=="],

    "zod": ["zod@4.3.6", "", {}, "sha512-rftlrkhHZOcjDwkGlnUtZZkvaPHCsDATp4pGpuOOMDaTdDDXF91wuVDJoWoPsKX/3YPQ5fHuF3STjcYyKr+Qhg=="],
  }
}
